// !$*UTF8*$!
{
	archiveVersion = 1;
	classes = {
	};
	objectVersion = 55;
	objects = {

/* Begin PBXBuildFile section */
		5F0BD42229B0192100EF69DD /* Alamofire in Frameworks */ = {isa = PBXBuildFile; productRef = 5F0BD42129B0192100EF69DD /* Alamofire */; };
		5F0BD42529B01B5B00EF69DD /* Alamofire in Frameworks */ = {isa = PBXBuildFile; productRef = 5F0BD42429B01B5B00EF69DD /* Alamofire */; };
		5F40A3FC2991DD53001EC05C /* Theme.swift in Sources */ = {isa = PBXBuildFile; fileRef = 5F40A3FB2991DD53001EC05C /* Theme.swift */; };
		5F40A3FE2991DE4F001EC05C /* DailyScrum.swift in Sources */ = {isa = PBXBuildFile; fileRef = 5F40A3FD2991DE4F001EC05C /* DailyScrum.swift */; };
		5F40A4002991DEE7001EC05C /* CardView.swift in Sources */ = {isa = PBXBuildFile; fileRef = 5F40A3FF2991DEE7001EC05C /* CardView.swift */; };
		5F913ED32990A6D1000CCE83 /* InoCharmApp.swift in Sources */ = {isa = PBXBuildFile; fileRef = 5F913ED22990A6D1000CCE83 /* InoCharmApp.swift */; };
		5F913ED52990A6D1000CCE83 /* MeetingView.swift in Sources */ = {isa = PBXBuildFile; fileRef = 5F913ED42990A6D1000CCE83 /* MeetingView.swift */; };
		5F913ED72990A6D4000CCE83 /* Assets.xcassets in Resources */ = {isa = PBXBuildFile; fileRef = 5F913ED62990A6D4000CCE83 /* Assets.xcassets */; };
		5F913EDA2990A6D4000CCE83 /* Preview Assets.xcassets in Resources */ = {isa = PBXBuildFile; fileRef = 5F913ED92990A6D4000CCE83 /* Preview Assets.xcassets */; };
		5F913EE42990A6D4000CCE83 /* InoCharmTests.swift in Sources */ = {isa = PBXBuildFile; fileRef = 5F913EE32990A6D4000CCE83 /* InoCharmTests.swift */; };
		5F913EEE2990A6D4000CCE83 /* InoCharmUITests.swift in Sources */ = {isa = PBXBuildFile; fileRef = 5F913EED2990A6D4000CCE83 /* InoCharmUITests.swift */; };
		5F913EF02990A6D4000CCE83 /* InoCharmUITestsLaunchTests.swift in Sources */ = {isa = PBXBuildFile; fileRef = 5F913EEF2990A6D4000CCE83 /* InoCharmUITestsLaunchTests.swift */; };
/* End PBXBuildFile section */

/* Begin PBXContainerItemProxy section */
		5F913EE02990A6D4000CCE83 /* PBXContainerItemProxy */ = {
			isa = PBXContainerItemProxy;
			containerPortal = 5F913EC72990A6D1000CCE83 /* Project object */;
			proxyType = 1;
			remoteGlobalIDString = 5F913ECE2990A6D1000CCE83;
			remoteInfo = InoCharm;
		};
		5F913EEA2990A6D4000CCE83 /* PBXContainerItemProxy */ = {
			isa = PBXContainerItemProxy;
			containerPortal = 5F913EC72990A6D1000CCE83 /* Project object */;
			proxyType = 1;
			remoteGlobalIDString = 5F913ECE2990A6D1000CCE83;
			remoteInfo = InoCharm;
		};
/* End PBXContainerItemProxy section */

/* Begin PBXFileReference section */
		5F40A3FB2991DD53001EC05C /* Theme.swift */ = {isa = PBXFileReference; lastKnownFileType = sourcecode.swift; path = Theme.swift; sourceTree = "<group>"; };
		5F40A3FD2991DE4F001EC05C /* DailyScrum.swift */ = {isa = PBXFileReference; lastKnownFileType = sourcecode.swift; path = DailyScrum.swift; sourceTree = "<group>"; };
		5F40A3FF2991DEE7001EC05C /* CardView.swift */ = {isa = PBXFileReference; lastKnownFileType = sourcecode.swift; path = CardView.swift; sourceTree = "<group>"; };
		5F913ECF2990A6D1000CCE83 /* InoCharm.app */ = {isa = PBXFileReference; explicitFileType = wrapper.application; includeInIndex = 0; path = InoCharm.app; sourceTree = BUILT_PRODUCTS_DIR; };
		5F913ED22990A6D1000CCE83 /* InoCharmApp.swift */ = {isa = PBXFileReference; lastKnownFileType = sourcecode.swift; path = InoCharmApp.swift; sourceTree = "<group>"; };
		5F913ED42990A6D1000CCE83 /* MeetingView.swift */ = {isa = PBXFileReference; lastKnownFileType = sourcecode.swift; path = MeetingView.swift; sourceTree = "<group>"; };
		5F913ED62990A6D4000CCE83 /* Assets.xcassets */ = {isa = PBXFileReference; lastKnownFileType = folder.assetcatalog; path = Assets.xcassets; sourceTree = "<group>"; };
		5F913ED92990A6D4000CCE83 /* Preview Assets.xcassets */ = {isa = PBXFileReference; lastKnownFileType = folder.assetcatalog; path = "Preview Assets.xcassets"; sourceTree = "<group>"; };
		5F913EDF2990A6D4000CCE83 /* InoCharmTests.xctest */ = {isa = PBXFileReference; explicitFileType = wrapper.cfbundle; includeInIndex = 0; path = InoCharmTests.xctest; sourceTree = BUILT_PRODUCTS_DIR; };
		5F913EE32990A6D4000CCE83 /* InoCharmTests.swift */ = {isa = PBXFileReference; lastKnownFileType = sourcecode.swift; path = InoCharmTests.swift; sourceTree = "<group>"; };
		5F913EE92990A6D4000CCE83 /* InoCharmUITests.xctest */ = {isa = PBXFileReference; explicitFileType = wrapper.cfbundle; includeInIndex = 0; path = InoCharmUITests.xctest; sourceTree = BUILT_PRODUCTS_DIR; };
		5F913EED2990A6D4000CCE83 /* InoCharmUITests.swift */ = {isa = PBXFileReference; lastKnownFileType = sourcecode.swift; path = InoCharmUITests.swift; sourceTree = "<group>"; };
		5F913EEF2990A6D4000CCE83 /* InoCharmUITestsLaunchTests.swift */ = {isa = PBXFileReference; lastKnownFileType = sourcecode.swift; path = InoCharmUITestsLaunchTests.swift; sourceTree = "<group>"; };
/* End PBXFileReference section */

/* Begin PBXFrameworksBuildPhase section */
		5F913ECC2990A6D1000CCE83 /* Frameworks */ = {
			isa = PBXFrameworksBuildPhase;
			buildActionMask = 2147483647;
			files = (
				5F0BD42229B0192100EF69DD /* Alamofire in Frameworks */,
				5F0BD42529B01B5B00EF69DD /* Alamofire in Frameworks */,
			);
			runOnlyForDeploymentPostprocessing = 0;
		};
		5F913EDC2990A6D4000CCE83 /* Frameworks */ = {
			isa = PBXFrameworksBuildPhase;
			buildActionMask = 2147483647;
			files = (
			);
			runOnlyForDeploymentPostprocessing = 0;
		};
		5F913EE62990A6D4000CCE83 /* Frameworks */ = {
			isa = PBXFrameworksBuildPhase;
			buildActionMask = 2147483647;
			files = (
			);
			runOnlyForDeploymentPostprocessing = 0;
		};
/* End PBXFrameworksBuildPhase section */

/* Begin PBXGroup section */
		5F40A3FA2991DD42001EC05C /* Models */ = {
			isa = PBXGroup;
			children = (
				5F40A3FB2991DD53001EC05C /* Theme.swift */,
				5F40A3FD2991DE4F001EC05C /* DailyScrum.swift */,
			);
			path = Models;
			sourceTree = "<group>";
		};
		5F913EC62990A6D1000CCE83 = {
			isa = PBXGroup;
			children = (
				5F913ED12990A6D1000CCE83 /* InoCharm */,
				5F913EE22990A6D4000CCE83 /* InoCharmTests */,
				5F913EEC2990A6D4000CCE83 /* InoCharmUITests */,
				5F913ED02990A6D1000CCE83 /* Products */,
			);
			sourceTree = "<group>";
		};
		5F913ED02990A6D1000CCE83 /* Products */ = {
			isa = PBXGroup;
			children = (
				5F913ECF2990A6D1000CCE83 /* InoCharm.app */,
				5F913EDF2990A6D4000CCE83 /* InoCharmTests.xctest */,
				5F913EE92990A6D4000CCE83 /* InoCharmUITests.xctest */,
			);
			name = Products;
			sourceTree = "<group>";
		};
		5F913ED12990A6D1000CCE83 /* InoCharm */ = {
			isa = PBXGroup;
			children = (
				5F40A3FA2991DD42001EC05C /* Models */,
				5F40A3FF2991DEE7001EC05C /* CardView.swift */,
				5F913ED22990A6D1000CCE83 /* InoCharmApp.swift */,
				5F913ED42990A6D1000CCE83 /* MeetingView.swift */,
				5F913ED62990A6D4000CCE83 /* Assets.xcassets */,
				5F913ED82990A6D4000CCE83 /* Preview Content */,
			);
			path = InoCharm;
			sourceTree = "<group>";
		};
		5F913ED82990A6D4000CCE83 /* Preview Content */ = {
			isa = PBXGroup;
			children = (
				5F913ED92990A6D4000CCE83 /* Preview Assets.xcassets */,
			);
			path = "Preview Content";
			sourceTree = "<group>";
		};
		5F913EE22990A6D4000CCE83 /* InoCharmTests */ = {
			isa = PBXGroup;
			children = (
				5F913EE32990A6D4000CCE83 /* InoCharmTests.swift */,
			);
			path = InoCharmTests;
			sourceTree = "<group>";
		};
		5F913EEC2990A6D4000CCE83 /* InoCharmUITests */ = {
			isa = PBXGroup;
			children = (
				5F913EED2990A6D4000CCE83 /* InoCharmUITests.swift */,
				5F913EEF2990A6D4000CCE83 /* InoCharmUITestsLaunchTests.swift */,
			);
			path = InoCharmUITests;
			sourceTree = "<group>";
		};
/* End PBXGroup section */

/* Begin PBXNativeTarget section */
		5F913ECE2990A6D1000CCE83 /* InoCharm */ = {
			isa = PBXNativeTarget;
			buildConfigurationList = 5F913EF32990A6D4000CCE83 /* Build configuration list for PBXNativeTarget "InoCharm" */;
			buildPhases = (
				5F913ECB2990A6D1000CCE83 /* Sources */,
				5F913ECC2990A6D1000CCE83 /* Frameworks */,
				5F913ECD2990A6D1000CCE83 /* Resources */,
			);
			buildRules = (
			);
			dependencies = (
			);
			name = InoCharm;
			packageProductDependencies = (
				5F0BD42129B0192100EF69DD /* Alamofire */,
				5F0BD42429B01B5B00EF69DD /* Alamofire */,
			);
			productName = InoCharm;
			productReference = 5F913ECF2990A6D1000CCE83 /* InoCharm.app */;
			productType = "com.apple.product-type.application";
		};
		5F913EDE2990A6D4000CCE83 /* InoCharmTests */ = {
			isa = PBXNativeTarget;
			buildConfigurationList = 5F913EF62990A6D4000CCE83 /* Build configuration list for PBXNativeTarget "InoCharmTests" */;
			buildPhases = (
				5F913EDB2990A6D4000CCE83 /* Sources */,
				5F913EDC2990A6D4000CCE83 /* Frameworks */,
				5F913EDD2990A6D4000CCE83 /* Resources */,
			);
			buildRules = (
			);
			dependencies = (
				5F913EE12990A6D4000CCE83 /* PBXTargetDependency */,
			);
			name = InoCharmTests;
			productName = InoCharmTests;
			productReference = 5F913EDF2990A6D4000CCE83 /* InoCharmTests.xctest */;
			productType = "com.apple.product-type.bundle.unit-test";
		};
		5F913EE82990A6D4000CCE83 /* InoCharmUITests */ = {
			isa = PBXNativeTarget;
			buildConfigurationList = 5F913EF92990A6D4000CCE83 /* Build configuration list for PBXNativeTarget "InoCharmUITests" */;
			buildPhases = (
				5F913EE52990A6D4000CCE83 /* Sources */,
				5F913EE62990A6D4000CCE83 /* Frameworks */,
				5F913EE72990A6D4000CCE83 /* Resources */,
			);
			buildRules = (
			);
			dependencies = (
				5F913EEB2990A6D4000CCE83 /* PBXTargetDependency */,
			);
			name = InoCharmUITests;
			productName = InoCharmUITests;
			productReference = 5F913EE92990A6D4000CCE83 /* InoCharmUITests.xctest */;
			productType = "com.apple.product-type.bundle.ui-testing";
		};
/* End PBXNativeTarget section */

/* Begin PBXProject section */
		5F913EC72990A6D1000CCE83 /* Project object */ = {
			isa = PBXProject;
			attributes = {
				BuildIndependentTargetsInParallel = 1;
				LastSwiftUpdateCheck = 1340;
				LastUpgradeCheck = 1340;
				TargetAttributes = {
					5F913ECE2990A6D1000CCE83 = {
						CreatedOnToolsVersion = 13.4.1;
					};
					5F913EDE2990A6D4000CCE83 = {
						CreatedOnToolsVersion = 13.4.1;
						TestTargetID = 5F913ECE2990A6D1000CCE83;
					};
					5F913EE82990A6D4000CCE83 = {
						CreatedOnToolsVersion = 13.4.1;
						TestTargetID = 5F913ECE2990A6D1000CCE83;
					};
				};
			};
			buildConfigurationList = 5F913ECA2990A6D1000CCE83 /* Build configuration list for PBXProject "InoCharm" */;
			compatibilityVersion = "Xcode 13.0";
			developmentRegion = en;
			hasScannedForEncodings = 0;
			knownRegions = (
				en,
				Base,
			);
			mainGroup = 5F913EC62990A6D1000CCE83;
			packageReferences = (
				5F0BD42029B0192100EF69DD /* XCRemoteSwiftPackageReference "Alamofire" */,
				5F0BD42329B01B5B00EF69DD /* XCRemoteSwiftPackageReference "Alamofire" */,
			);
			productRefGroup = 5F913ED02990A6D1000CCE83 /* Products */;
			projectDirPath = "";
			projectRoot = "";
			targets = (
				5F913ECE2990A6D1000CCE83 /* InoCharm */,
				5F913EDE2990A6D4000CCE83 /* InoCharmTests */,
				5F913EE82990A6D4000CCE83 /* InoCharmUITests */,
			);
		};
/* End PBXProject section */

/* Begin PBXResourcesBuildPhase section */
		5F913ECD2990A6D1000CCE83 /* Resources */ = {
			isa = PBXResourcesBuildPhase;
			buildActionMask = 2147483647;
			files = (
				5F913EDA2990A6D4000CCE83 /* Preview Assets.xcassets in Resources */,
				5F913ED72990A6D4000CCE83 /* Assets.xcassets in Resources */,
			);
			runOnlyForDeploymentPostprocessing = 0;
		};
		5F913EDD2990A6D4000CCE83 /* Resources */ = {
			isa = PBXResourcesBuildPhase;
			buildActionMask = 2147483647;
			files = (
			);
			runOnlyForDeploymentPostprocessing = 0;
		};
		5F913EE72990A6D4000CCE83 /* Resources */ = {
			isa = PBXResourcesBuildPhase;
			buildActionMask = 2147483647;
			files = (
			);
			runOnlyForDeploymentPostprocessing = 0;
		};
/* End PBXResourcesBuildPhase section */

/* Begin PBXSourcesBuildPhase section */
		5F913ECB2990A6D1000CCE83 /* Sources */ = {
			isa = PBXSourcesBuildPhase;
			buildActionMask = 2147483647;
			files = (
				5F40A3FE2991DE4F001EC05C /* DailyScrum.swift in Sources */,
				5F40A3FC2991DD53001EC05C /* Theme.swift in Sources */,
				5F913ED52990A6D1000CCE83 /* MeetingView.swift in Sources */,
				5F913ED32990A6D1000CCE83 /* InoCharmApp.swift in Sources */,
				5F40A4002991DEE7001EC05C /* CardView.swift in Sources */,
			);
			runOnlyForDeploymentPostprocessing = 0;
		};
		5F913EDB2990A6D4000CCE83 /* Sources */ = {
			isa = PBXSourcesBuildPhase;
			buildActionMask = 2147483647;
			files = (
				5F913EE42990A6D4000CCE83 /* InoCharmTests.swift in Sources */,
			);
			runOnlyForDeploymentPostprocessing = 0;
		};
		5F913EE52990A6D4000CCE83 /* Sources */ = {
			isa = PBXSourcesBuildPhase;
			buildActionMask = 2147483647;
			files = (
				5F913EF02990A6D4000CCE83 /* InoCharmUITestsLaunchTests.swift in Sources */,
				5F913EEE2990A6D4000CCE83 /* InoCharmUITests.swift in Sources */,
			);
			runOnlyForDeploymentPostprocessing = 0;
		};
/* End PBXSourcesBuildPhase section */

/* Begin PBXTargetDependency section */
		5F913EE12990A6D4000CCE83 /* PBXTargetDependency */ = {
			isa = PBXTargetDependency;
			target = 5F913ECE2990A6D1000CCE83 /* InoCharm */;
			targetProxy = 5F913EE02990A6D4000CCE83 /* PBXContainerItemProxy */;
		};
		5F913EEB2990A6D4000CCE83 /* PBXTargetDependency */ = {
			isa = PBXTargetDependency;
			target = 5F913ECE2990A6D1000CCE83 /* InoCharm */;
			targetProxy = 5F913EEA2990A6D4000CCE83 /* PBXContainerItemProxy */;
		};
/* End PBXTargetDependency section */

/* Begin XCBuildConfiguration section */
		5F913EF12990A6D4000CCE83 /* Debug */ = {
			isa = XCBuildConfiguration;
			buildSettings = {
				ALWAYS_SEARCH_USER_PATHS = NO;
				CLANG_ANALYZER_NONNULL = YES;
				CLANG_ANALYZER_NUMBER_OBJECT_CONVERSION = YES_AGGRESSIVE;
				CLANG_CXX_LANGUAGE_STANDARD = "gnu++17";
				CLANG_ENABLE_MODULES = YES;
				CLANG_ENABLE_OBJC_ARC = YES;
				CLANG_ENABLE_OBJC_WEAK = YES;
				CLANG_WARN_BLOCK_CAPTURE_AUTORELEASING = YES;
				CLANG_WARN_BOOL_CONVERSION = YES;
				CLANG_WARN_COMMA = YES;
				CLANG_WARN_CONSTANT_CONVERSION = YES;
				CLANG_WARN_DEPRECATED_OBJC_IMPLEMENTATIONS = YES;
				CLANG_WARN_DIRECT_OBJC_ISA_USAGE = YES_ERROR;
				CLANG_WARN_DOCUMENTATION_COMMENTS = YES;
				CLANG_WARN_EMPTY_BODY = YES;
				CLANG_WARN_ENUM_CONVERSION = YES;
				CLANG_WARN_INFINITE_RECURSION = YES;
				CLANG_WARN_INT_CONVERSION = YES;
				CLANG_WARN_NON_LITERAL_NULL_CONVERSION = YES;
				CLANG_WARN_OBJC_IMPLICIT_RETAIN_SELF = YES;
				CLANG_WARN_OBJC_LITERAL_CONVERSION = YES;
				CLANG_WARN_OBJC_ROOT_CLASS = YES_ERROR;
				CLANG_WARN_QUOTED_INCLUDE_IN_FRAMEWORK_HEADER = YES;
				CLANG_WARN_RANGE_LOOP_ANALYSIS = YES;
				CLANG_WARN_STRICT_PROTOTYPES = YES;
				CLANG_WARN_SUSPICIOUS_MOVE = YES;
				CLANG_WARN_UNGUARDED_AVAILABILITY = YES_AGGRESSIVE;
				CLANG_WARN_UNREACHABLE_CODE = YES;
				CLANG_WARN__DUPLICATE_METHOD_MATCH = YES;
				COPY_PHASE_STRIP = NO;
				DEBUG_INFORMATION_FORMAT = dwarf;
				ENABLE_STRICT_OBJC_MSGSEND = YES;
				ENABLE_TESTABILITY = YES;
				GCC_C_LANGUAGE_STANDARD = gnu11;
				GCC_DYNAMIC_NO_PIC = NO;
				GCC_NO_COMMON_BLOCKS = YES;
				GCC_OPTIMIZATION_LEVEL = 0;
				GCC_PREPROCESSOR_DEFINITIONS = (
					"DEBUG=1",
					"$(inherited)",
				);
				GCC_WARN_64_TO_32_BIT_CONVERSION = YES;
				GCC_WARN_ABOUT_RETURN_TYPE = YES_ERROR;
				GCC_WARN_UNDECLARED_SELECTOR = YES;
				GCC_WARN_UNINITIALIZED_AUTOS = YES_AGGRESSIVE;
				GCC_WARN_UNUSED_FUNCTION = YES;
				GCC_WARN_UNUSED_VARIABLE = YES;
				IPHONEOS_DEPLOYMENT_TARGET = 15.5;
				MTL_ENABLE_DEBUG_INFO = INCLUDE_SOURCE;
				MTL_FAST_MATH = YES;
				ONLY_ACTIVE_ARCH = YES;
				SDKROOT = iphoneos;
				SWIFT_ACTIVE_COMPILATION_CONDITIONS = DEBUG;
				SWIFT_OPTIMIZATION_LEVEL = "-Onone";
			};
			name = Debug;
		};
		5F913EF22990A6D4000CCE83 /* Release */ = {
			isa = XCBuildConfiguration;
			buildSettings = {
				ALWAYS_SEARCH_USER_PATHS = NO;
				CLANG_ANALYZER_NONNULL = YES;
				CLANG_ANALYZER_NUMBER_OBJECT_CONVERSION = YES_AGGRESSIVE;
				CLANG_CXX_LANGUAGE_STANDARD = "gnu++17";
				CLANG_ENABLE_MODULES = YES;
				CLANG_ENABLE_OBJC_ARC = YES;
				CLANG_ENABLE_OBJC_WEAK = YES;
				CLANG_WARN_BLOCK_CAPTURE_AUTORELEASING = YES;
				CLANG_WARN_BOOL_CONVERSION = YES;
				CLANG_WARN_COMMA = YES;
				CLANG_WARN_CONSTANT_CONVERSION = YES;
				CLANG_WARN_DEPRECATED_OBJC_IMPLEMENTATIONS = YES;
				CLANG_WARN_DIRECT_OBJC_ISA_USAGE = YES_ERROR;
				CLANG_WARN_DOCUMENTATION_COMMENTS = YES;
				CLANG_WARN_EMPTY_BODY = YES;
				CLANG_WARN_ENUM_CONVERSION = YES;
				CLANG_WARN_INFINITE_RECURSION = YES;
				CLANG_WARN_INT_CONVERSION = YES;
				CLANG_WARN_NON_LITERAL_NULL_CONVERSION = YES;
				CLANG_WARN_OBJC_IMPLICIT_RETAIN_SELF = YES;
				CLANG_WARN_OBJC_LITERAL_CONVERSION = YES;
				CLANG_WARN_OBJC_ROOT_CLASS = YES_ERROR;
				CLANG_WARN_QUOTED_INCLUDE_IN_FRAMEWORK_HEADER = YES;
				CLANG_WARN_RANGE_LOOP_ANALYSIS = YES;
				CLANG_WARN_STRICT_PROTOTYPES = YES;
				CLANG_WARN_SUSPICIOUS_MOVE = YES;
				CLANG_WARN_UNGUARDED_AVAILABILITY = YES_AGGRESSIVE;
				CLANG_WARN_UNREACHABLE_CODE = YES;
				CLANG_WARN__DUPLICATE_METHOD_MATCH = YES;
				COPY_PHASE_STRIP = NO;
				DEBUG_INFORMATION_FORMAT = "dwarf-with-dsym";
				ENABLE_NS_ASSERTIONS = NO;
				ENABLE_STRICT_OBJC_MSGSEND = YES;
				GCC_C_LANGUAGE_STANDARD = gnu11;
				GCC_NO_COMMON_BLOCKS = YES;
				GCC_WARN_64_TO_32_BIT_CONVERSION = YES;
				GCC_WARN_ABOUT_RETURN_TYPE = YES_ERROR;
				GCC_WARN_UNDECLARED_SELECTOR = YES;
				GCC_WARN_UNINITIALIZED_AUTOS = YES_AGGRESSIVE;
				GCC_WARN_UNUSED_FUNCTION = YES;
				GCC_WARN_UNUSED_VARIABLE = YES;
				IPHONEOS_DEPLOYMENT_TARGET = 15.5;
				MTL_ENABLE_DEBUG_INFO = NO;
				MTL_FAST_MATH = YES;
				SDKROOT = iphoneos;
				SWIFT_COMPILATION_MODE = wholemodule;
				SWIFT_OPTIMIZATION_LEVEL = "-O";
				VALIDATE_PRODUCT = YES;
			};
			name = Release;
		};
		5F913EF42990A6D4000CCE83 /* Debug */ = {
			isa = XCBuildConfiguration;
			buildSettings = {
				ASSETCATALOG_COMPILER_APPICON_NAME = AppIcon;
				ASSETCATALOG_COMPILER_GLOBAL_ACCENT_COLOR_NAME = AccentColor;
				CODE_SIGN_STYLE = Automatic;
				CURRENT_PROJECT_VERSION = 1;
				DEVELOPMENT_ASSET_PATHS = "\"InoCharm/Preview Content\"";
				ENABLE_PREVIEWS = YES;
				GENERATE_INFOPLIST_FILE = YES;
				INFOPLIST_KEY_UIApplicationSceneManifest_Generation = YES;
				INFOPLIST_KEY_UIApplicationSupportsIndirectInputEvents = YES;
				INFOPLIST_KEY_UILaunchScreen_Generation = YES;
				INFOPLIST_KEY_UISupportedInterfaceOrientations_iPad = "UIInterfaceOrientationPortrait UIInterfaceOrientationPortraitUpsideDown UIInterfaceOrientationLandscapeLeft UIInterfaceOrientationLandscapeRight";
				INFOPLIST_KEY_UISupportedInterfaceOrientations_iPhone = "UIInterfaceOrientationPortrait UIInterfaceOrientationLandscapeLeft UIInterfaceOrientationLandscapeRight";
				LD_RUNPATH_SEARCH_PATHS = (
					"$(inherited)",
					"@executable_path/Frameworks",
				);
				MARKETING_VERSION = 1.0;
				PRODUCT_BUNDLE_IDENTIFIER = com.waqarm.InoCharm;
				PRODUCT_NAME = "$(TARGET_NAME)";
				SWIFT_EMIT_LOC_STRINGS = YES;
				SWIFT_VERSION = 5.0;
				TARGETED_DEVICE_FAMILY = "1,2";
			};
			name = Debug;
		};
		5F913EF52990A6D4000CCE83 /* Release */ = {
			isa = XCBuildConfiguration;
			buildSettings = {
				ASSETCATALOG_COMPILER_APPICON_NAME = AppIcon;
				ASSETCATALOG_COMPILER_GLOBAL_ACCENT_COLOR_NAME = AccentColor;
				CODE_SIGN_STYLE = Automatic;
				CURRENT_PROJECT_VERSION = 1;
				DEVELOPMENT_ASSET_PATHS = "\"InoCharm/Preview Content\"";
				ENABLE_PREVIEWS = YES;
				GENERATE_INFOPLIST_FILE = YES;
				INFOPLIST_KEY_UIApplicationSceneManifest_Generation = YES;
				INFOPLIST_KEY_UIApplicationSupportsIndirectInputEvents = YES;
				INFOPLIST_KEY_UILaunchScreen_Generation = YES;
				INFOPLIST_KEY_UISupportedInterfaceOrientations_iPad = "UIInterfaceOrientationPortrait UIInterfaceOrientationPortraitUpsideDown UIInterfaceOrientationLandscapeLeft UIInterfaceOrientationLandscapeRight";
				INFOPLIST_KEY_UISupportedInterfaceOrientations_iPhone = "UIInterfaceOrientationPortrait UIInterfaceOrientationLandscapeLeft UIInterfaceOrientationLandscapeRight";
				LD_RUNPATH_SEARCH_PATHS = (
					"$(inherited)",
					"@executable_path/Frameworks",
				);
				MARKETING_VERSION = 1.0;
				PRODUCT_BUNDLE_IDENTIFIER = com.waqarm.InoCharm;
				PRODUCT_NAME = "$(TARGET_NAME)";
				SWIFT_EMIT_LOC_STRINGS = YES;
				SWIFT_VERSION = 5.0;
				TARGETED_DEVICE_FAMILY = "1,2";
			};
			name = Release;
		};
		5F913EF72990A6D4000CCE83 /* Debug */ = {
			isa = XCBuildConfiguration;
			buildSettings = {
				ALWAYS_EMBED_SWIFT_STANDARD_LIBRARIES = YES;
				BUNDLE_LOADER = "$(TEST_HOST)";
				CODE_SIGN_STYLE = Automatic;
				CURRENT_PROJECT_VERSION = 1;
				GENERATE_INFOPLIST_FILE = YES;
				IPHONEOS_DEPLOYMENT_TARGET = 15.5;
				MARKETING_VERSION = 1.0;
				PRODUCT_BUNDLE_IDENTIFIER = com.waqarm.InoCharmTests;
				PRODUCT_NAME = "$(TARGET_NAME)";
				SWIFT_EMIT_LOC_STRINGS = NO;
				SWIFT_VERSION = 5.0;
				TARGETED_DEVICE_FAMILY = "1,2";
				TEST_HOST = "$(BUILT_PRODUCTS_DIR)/InoCharm.app/InoCharm";
			};
			name = Debug;
		};
		5F913EF82990A6D4000CCE83 /* Release */ = {
			isa = XCBuildConfiguration;
			buildSettings = {
				ALWAYS_EMBED_SWIFT_STANDARD_LIBRARIES = YES;
				BUNDLE_LOADER = "$(TEST_HOST)";
				CODE_SIGN_STYLE = Automatic;
				CURRENT_PROJECT_VERSION = 1;
				GENERATE_INFOPLIST_FILE = YES;
				IPHONEOS_DEPLOYMENT_TARGET = 15.5;
				MARKETING_VERSION = 1.0;
				PRODUCT_BUNDLE_IDENTIFIER = com.waqarm.InoCharmTests;
				PRODUCT_NAME = "$(TARGET_NAME)";
				SWIFT_EMIT_LOC_STRINGS = NO;
				SWIFT_VERSION = 5.0;
				TARGETED_DEVICE_FAMILY = "1,2";
				TEST_HOST = "$(BUILT_PRODUCTS_DIR)/InoCharm.app/InoCharm";
			};
			name = Release;
		};
		5F913EFA2990A6D4000CCE83 /* Debug */ = {
			isa = XCBuildConfiguration;
			buildSettings = {
				ALWAYS_EMBED_SWIFT_STANDARD_LIBRARIES = YES;
				CODE_SIGN_STYLE = Automatic;
				CURRENT_PROJECT_VERSION = 1;
				GENERATE_INFOPLIST_FILE = YES;
				MARKETING_VERSION = 1.0;
				PRODUCT_BUNDLE_IDENTIFIER = com.waqarm.InoCharmUITests;
				PRODUCT_NAME = "$(TARGET_NAME)";
				SWIFT_EMIT_LOC_STRINGS = NO;
				SWIFT_VERSION = 5.0;
				TARGETED_DEVICE_FAMILY = "1,2";
				TEST_TARGET_NAME = InoCharm;
			};
			name = Debug;
		};
		5F913EFB2990A6D4000CCE83 /* Release */ = {
			isa = XCBuildConfiguration;
			buildSettings = {
				ALWAYS_EMBED_SWIFT_STANDARD_LIBRARIES = YES;
				CODE_SIGN_STYLE = Automatic;
				CURRENT_PROJECT_VERSION = 1;
				GENERATE_INFOPLIST_FILE = YES;
				MARKETING_VERSION = 1.0;
				PRODUCT_BUNDLE_IDENTIFIER = com.waqarm.InoCharmUITests;
				PRODUCT_NAME = "$(TARGET_NAME)";
				SWIFT_EMIT_LOC_STRINGS = NO;
				SWIFT_VERSION = 5.0;
				TARGETED_DEVICE_FAMILY = "1,2";
				TEST_TARGET_NAME = InoCharm;
			};
			name = Release;
		};
/* End XCBuildConfiguration section */

/* Begin XCConfigurationList section */
		5F913ECA2990A6D1000CCE83 /* Build configuration list for PBXProject "InoCharm" */ = {
			isa = XCConfigurationList;
			buildConfigurations = (
				5F913EF12990A6D4000CCE83 /* Debug */,
				5F913EF22990A6D4000CCE83 /* Release */,
			);
			defaultConfigurationIsVisible = 0;
			defaultConfigurationName = Release;
		};
		5F913EF32990A6D4000CCE83 /* Build configuration list for PBXNativeTarget "InoCharm" */ = {
			isa = XCConfigurationList;
			buildConfigurations = (
				5F913EF42990A6D4000CCE83 /* Debug */,
				5F913EF52990A6D4000CCE83 /* Release */,
			);
			defaultConfigurationIsVisible = 0;
			defaultConfigurationName = Release;
		};
		5F913EF62990A6D4000CCE83 /* Build configuration list for PBXNativeTarget "InoCharmTests" */ = {
			isa = XCConfigurationList;
			buildConfigurations = (
				5F913EF72990A6D4000CCE83 /* Debug */,
				5F913EF82990A6D4000CCE83 /* Release */,
			);
			defaultConfigurationIsVisible = 0;
			defaultConfigurationName = Release;
		};
		5F913EF92990A6D4000CCE83 /* Build configuration list for PBXNativeTarget "InoCharmUITests" */ = {
			isa = XCConfigurationList;
			buildConfigurations = (
				5F913EFA2990A6D4000CCE83 /* Debug */,
				5F913EFB2990A6D4000CCE83 /* Release */,
			);
			defaultConfigurationIsVisible = 0;
			defaultConfigurationName = Release;
		};
/* End XCConfigurationList section */

/* Begin XCRemoteSwiftPackageReference section */
		5F0BD42029B0192100EF69DD /* XCRemoteSwiftPackageReference "Alamofire" */ = {
			isa = XCRemoteSwiftPackageReference;
			repositoryURL = "https://github.com/Alamofire/Alamofire";
			requirement = {
				kind = upToNextMajorVersion;
				minimumVersion = 5.0.0;
			};
		};
		5F0BD42329B01B5B00EF69DD /* XCRemoteSwiftPackageReference "Alamofire" */ = {
			isa = XCRemoteSwiftPackageReference;
			repositoryURL = "https://github.com/Alamofire/Alamofire";
			requirement = {
				branch = master;
				kind = branch;
			};
		};
/* End XCRemoteSwiftPackageReference section */

/* Begin XCSwiftPackageProductDependency section */
		5F0BD42129B0192100EF69DD /* Alamofire */ = {
			isa = XCSwiftPackageProductDependency;
			package = 5F0BD42029B0192100EF69DD /* XCRemoteSwiftPackageReference "Alamofire" */;
			productName = Alamofire;
		};
		5F0BD42429B01B5B00EF69DD /* Alamofire */ = {
			isa = XCSwiftPackageProductDependency;
			package = 5F0BD42329B01B5B00EF69DD /* XCRemoteSwiftPackageReference "Alamofire" */;
			productName = Alamofire;
		};
/* End XCSwiftPackageProductDependency section */
	};
	rootObject = 5F913EC72990A6D1000CCE83 /* Project object */;
}
